
Microsoft Visual Studio Solution File, Format Version 12.00
# Visual Studio Version 17
VisualStudioVersion = 17.6.33815.320
MinimumVisualStudioVersion = 10.0.40219.1
Project("{FAE04EC0-301F-11D3-BF4B-00C04F79EFBC}") = "Project13", "Project13\Project13.csproj", "{F14F9BD0-3688-4201-A378-71386A1DC8DA}"
EndProject
Project("{2150E333-8FDC-42A3-9474-1A3956D46DE8}") = "Solution Items", "Solution Items", "{D2AA57F1-B6D1-4AC2-8850-395D40A50311}"
	ProjectSection(SolutionItems) = preProject
		.editorconfig = .editorconfig
	EndProjectSection
EndProject
Global
	GlobalSection(SolutionConfigurationPlatforms) = preSolution
		Debug|Any CPU = Debug|Any CPU
		Release|Any CPU = Release|Any CPU
	EndGlobalSection
	GlobalSection(ProjectConfigurationPlatforms) = postSolution
		{F14F9BD0-3688-4201-A378-71386A1DC8DA}.Debug|Any CPU.ActiveCfg = Debug|Any CPU
		{F14F9BD0-3688-4201-A378-71386A1DC8DA}.Debug|Any CPU.Build.0 = Debug|Any CPU
		{F14F9BD0-3688-4201-A378-71386A1DC8DA}.Release|Any CPU.ActiveCfg = Release|Any CPU
		{F14F9BD0-3688-4201-A378-71386A1DC8DA}.Release|Any CPU.Build.0 = Release|Any CPU
	EndGlobalSection
	GlobalSection(SolutionProperties) = preSolution
		HideSolutionNode = FALSE
	EndGlobalSection
	GlobalSection(ExtensibilityGlobals) = postSolution
		SolutionGuid = {122D58D4-EECF-4C2B-8BC5-9491BF289722}
	EndGlobalSection
EndGlobal
